
Microsoft Visual Studio Solution File, Format Version 12.00
# Visual Studio Version 16
VisualStudioVersion = 16.0.30503.244
MinimumVisualStudioVersion = 10.0.40219.1
Project("{FAE04EC0-301F-11D3-BF4B-00C04F79EFBC}") = "WindowsFormsApplication_PM-01", "WindowsFormsApplication_PM-01\WindowsFormsApplication_PM-01.csproj", "{868C6772-D53A-4CB2-859F-12EC3BD5C774}"
EndProject
Global
	GlobalSection(SolutionConfigurationPlatforms) = preSolution
		Debug|Any CPU = Debug|Any CPU
		Release|Any CPU = Release|Any CPU
	EndGlobalSection
	GlobalSection(ProjectConfigurationPlatforms) = postSolution
		{868C6772-D53A-4CB2-859F-12EC3BD5C774}.Debug|Any CPU.ActiveCfg = Debug|Any CPU
		{868C6772-D53A-4CB2-859F-12EC3BD5C774}.Debug|Any CPU.Build.0 = Debug|Any CPU
		{868C6772-D53A-4CB2-859F-12EC3BD5C774}.Release|Any CPU.ActiveCfg = Release|Any CPU
		{868C6772-D53A-4CB2-859F-12EC3BD5C774}.Release|Any CPU.Build.0 = Release|Any CPU
	EndGlobalSection
	GlobalSection(SolutionProperties) = preSolution
		HideSolutionNode = FALSE
	EndGlobalSection
	GlobalSection(ExtensibilityGlobals) = postSolution
		SolutionGuid = {C4121FF9-5778-466A-8E70-8D80B0545B8B}
	EndGlobalSection
EndGlobal
